<Solution>
  <Project Path="VideoLibrary类库/VideoLibrary类库.csproj" Id="f482c3d9-f4cd-46cf-818d-c7e6194f7d4e" />
  <Project Path="WinformConnectSqlServer/WinformConnectSqlServer20260925.csproj" Id="f683da53-9c78-427c-8874-455a8d7c131b" />
  <Project Path="Winform界面开发入门/Winform界面开发入门.csproj" Id="6230925c-e81d-4a87-9973-352363962053" />
  <Project Path="学生管理系统/学生管理系统.csproj" Id="01b88bc0-f177-43c0-888e-14fd747fe3c3" />
  <Project Path="控件的委托事件/控件的委托事件.csproj" Id="4baac4aa-16c7-4612-b5e3-363cc98be898" />
  <Project Path="登录界面/登录界面.csproj" Id="1854f0ec-61ce-40ab-8d08-f6f139a9493d" />
  <Project Path="自定义事件/自定义事件.csproj" Id="91e3aaa3-31ae-4f0e-926c-4c2e8a35fa04" />
  <Project Path="自定义控件/转发Click.csproj" Id="c565d541-e9b4-42ef-957a-3f8b99424b6d" />
  <Project Path="记事本/记事本.csproj" Id="c81b9bc7-4ec2-4485-b128-033bdbefc487" />
  <Project Path="高校教务系统/高校教务系统.csproj" Id="9c5a0ffd-c2f7-4dd2-bad6-6e1a2afd599d" />
</Solution>
